
Microsoft Visual Studio Solution File, Format Version 12.00
# Visual Studio 2013
VisualStudioVersion = 12.0.31101.0
MinimumVisualStudioVersion = 10.0.40219.1
Project("{FAE04EC0-301F-11D3-BF4B-00C04F79EFBC}") = "10ClearingCommands", "10ClearingCommands\10ClearingCommands.csproj", "{E254216B-775C-4772-9B36-73EE2551CFE6}"
EndProject
Project("{FAE04EC0-301F-11D3-BF4B-00C04F79EFBC}") = "11LittleJohn", "11LittleJohn\11LittleJohn.csproj", "{8CD135EE-1B78-42E9-8381-94E930176C79}"
EndProject
Project("{FAE04EC0-301F-11D3-BF4B-00C04F79EFBC}") = "06X-Removal", "06X-Removal\06X-Removal.csproj", "{8172C186-DD9F-471B-BED7-1480D4F75AA0}"
EndProject
Project("{FAE04EC0-301F-11D3-BF4B-00C04F79EFBC}") = "05SemanticHTML", "05SemanticHTML\05SemanticHTML.csproj", "{EA7C808F-F14D-43D2-BC63-512A96A2B9E0}"
EndProject
Project("{FAE04EC0-301F-11D3-BF4B-00C04F79EFBC}") = "07VladkosNotebook", "07VladkosNotebook\07VladkosNotebook.csproj", "{1FB1C8D7-458D-4D53-9295-1325A872245B}"
EndProject
Project("{FAE04EC0-301F-11D3-BF4B-00C04F79EFBC}") = "09UppercaseWords", "09UppercaseWords\09UppercaseWords.csproj", "{95BBE91F-FD7B-4465-80B0-A3CB5C10BBA2}"
EndProject
Project("{FAE04EC0-301F-11D3-BF4B-00C04F79EFBC}") = "08TextGravity", "08TextGravity\08TextGravity.csproj", "{87A056FF-717B-4F9F-A5ED-3CEF21044A34}"
EndProject
Project("{FAE04EC0-301F-11D3-BF4B-00C04F79EFBC}") = "01PlusRemove", "01PlusRemove\01PlusRemove.csproj", "{4D247305-0453-4CA9-B09D-969003EAA944}"
EndProject
Project("{FAE04EC0-301F-11D3-BF4B-00C04F79EFBC}") = "02StringMatrixRotation", "02StringMatrixRotation\02StringMatrixRotation.csproj", "{60547584-518C-47EF-B7EF-4D438333DB37}"
EndProject
Project("{FAE04EC0-301F-11D3-BF4B-00C04F79EFBC}") = "03ExtractHyperlinks", "03ExtractHyperlinks\03ExtractHyperlinks.csproj", "{88B4F6CB-F3FE-47A3-B34F-19F535A1524A}"
EndProject
Project("{FAE04EC0-301F-11D3-BF4B-00C04F79EFBC}") = "04QueryMess", "04QueryMess\04QueryMess.csproj", "{539FD6B8-CFCD-4C96-B24A-73C389E11B3A}"
EndProject
Project("{FAE04EC0-301F-11D3-BF4B-00C04F79EFBC}") = "12PhoneNumbers", "12PhoneNumbers\12PhoneNumbers.csproj", "{96204DE0-EFB4-42EE-AE99-6C6BDA707FBB}"
EndProject
Project("{FAE04EC0-301F-11D3-BF4B-00C04F79EFBC}") = "13SumOfAllValues", "13SumOfAllValues\13SumOfAllValues.csproj", "{15DB2AF3-7F97-4645-ACF1-C5F2F8493C2D}"
EndProject
Project("{FAE04EC0-301F-11D3-BF4B-00C04F79EFBC}") = "14MatrixShuffle", "14MatrixShuffle\14MatrixShuffle.csproj", "{FE79D03B-3919-42CE-85CB-8B9F8B086A38}"
EndProject
Project("{FAE04EC0-301F-11D3-BF4B-00C04F79EFBC}") = "15TheNumbers", "15TheNumbers\15TheNumbers.csproj", "{B0B7B142-6057-40DA-B6D1-33AA879803E0}"
EndProject
Project("{FAE04EC0-301F-11D3-BF4B-00C04F79EFBC}") = "16Parachute", "16Parachute\16Parachute.csproj", "{DDC5C17B-0875-4066-8CB7-23647E076687}"
EndProject
Project("{FAE04EC0-301F-11D3-BF4B-00C04F79EFBC}") = "17BiggestTableRow", "17BiggestTableRow\17BiggestTableRow.csproj", "{E4954A16-025B-48AA-BA02-D536E77E3914}"
EndProject
Project("{FAE04EC0-301F-11D3-BF4B-00C04F79EFBC}") = "18PINValidation", "18PINValidation\18PINValidation.csproj", "{47ECC897-6A8F-40B6-A72C-7BBE955B8976}"
EndProject
Project("{FAE04EC0-301F-11D3-BF4B-00C04F79EFBC}") = "19ChatLogger", "19ChatLogger\19ChatLogger.csproj", "{5E11A65F-84C3-4DF8-8D04-1FA7D10FDF41}"
EndProject
Project("{FAE04EC0-301F-11D3-BF4B-00C04F79EFBC}") = "20OMyGirl", "20OMyGirl\20OMyGirl.csproj", "{8EF0BD3F-3D56-4F2B-B101-451EEA173B57}"
EndProject
Project("{FAE04EC0-301F-11D3-BF4B-00C04F79EFBC}") = "21ITVillage", "21ITVillage\21ITVillage.csproj", "{38DCEDD2-D23E-4783-90EC-7DE715B85735}"
EndProject
Global
	GlobalSection(SolutionConfigurationPlatforms) = preSolution
		Debug|Any CPU = Debug|Any CPU
		Release|Any CPU = Release|Any CPU
	EndGlobalSection
	GlobalSection(ProjectConfigurationPlatforms) = postSolution
		{E254216B-775C-4772-9B36-73EE2551CFE6}.Debug|Any CPU.ActiveCfg = Debug|Any CPU
		{E254216B-775C-4772-9B36-73EE2551CFE6}.Debug|Any CPU.Build.0 = Debug|Any CPU
		{E254216B-775C-4772-9B36-73EE2551CFE6}.Release|Any CPU.ActiveCfg = Release|Any CPU
		{E254216B-775C-4772-9B36-73EE2551CFE6}.Release|Any CPU.Build.0 = Release|Any CPU
		{8CD135EE-1B78-42E9-8381-94E930176C79}.Debug|Any CPU.ActiveCfg = Debug|Any CPU
		{8CD135EE-1B78-42E9-8381-94E930176C79}.Debug|Any CPU.Build.0 = Debug|Any CPU
		{8CD135EE-1B78-42E9-8381-94E930176C79}.Release|Any CPU.ActiveCfg = Release|Any CPU
		{8CD135EE-1B78-42E9-8381-94E930176C79}.Release|Any CPU.Build.0 = Release|Any CPU
		{8172C186-DD9F-471B-BED7-1480D4F75AA0}.Debug|Any CPU.ActiveCfg = Debug|Any CPU
		{8172C186-DD9F-471B-BED7-1480D4F75AA0}.Debug|Any CPU.Build.0 = Debug|Any CPU
		{8172C186-DD9F-471B-BED7-1480D4F75AA0}.Release|Any CPU.ActiveCfg = Release|Any CPU
		{8172C186-DD9F-471B-BED7-1480D4F75AA0}.Release|Any CPU.Build.0 = Release|Any CPU
		{EA7C808F-F14D-43D2-BC63-512A96A2B9E0}.Debug|Any CPU.ActiveCfg = Debug|Any CPU
		{EA7C808F-F14D-43D2-BC63-512A96A2B9E0}.Debug|Any CPU.Build.0 = Debug|Any CPU
		{EA7C808F-F14D-43D2-BC63-512A96A2B9E0}.Release|Any CPU.ActiveCfg = Release|Any CPU
		{EA7C808F-F14D-43D2-BC63-512A96A2B9E0}.Release|Any CPU.Build.0 = Release|Any CPU
		{1FB1C8D7-458D-4D53-9295-1325A872245B}.Debug|Any CPU.ActiveCfg = Debug|Any CPU
		{1FB1C8D7-458D-4D53-9295-1325A872245B}.Debug|Any CPU.Build.0 = Debug|Any CPU
		{1FB1C8D7-458D-4D53-9295-1325A872245B}.Release|Any CPU.ActiveCfg = Release|Any CPU
		{1FB1C8D7-458D-4D53-9295-1325A872245B}.Release|Any CPU.Build.0 = Release|Any CPU
		{95BBE91F-FD7B-4465-80B0-A3CB5C10BBA2}.Debug|Any CPU.ActiveCfg = Debug|Any CPU
		{95BBE91F-FD7B-4465-80B0-A3CB5C10BBA2}.Debug|Any CPU.Build.0 = Debug|Any CPU
		{95BBE91F-FD7B-4465-80B0-A3CB5C10BBA2}.Release|Any CPU.ActiveCfg = Release|Any CPU
		{95BBE91F-FD7B-4465-80B0-A3CB5C10BBA2}.Release|Any CPU.Build.0 = Release|Any CPU
		{87A056FF-717B-4F9F-A5ED-3CEF21044A34}.Debug|Any CPU.ActiveCfg = Debug|Any CPU
		{87A056FF-717B-4F9F-A5ED-3CEF21044A34}.Debug|Any CPU.Build.0 = Debug|Any CPU
		{87A056FF-717B-4F9F-A5ED-3CEF21044A34}.Release|Any CPU.ActiveCfg = Release|Any CPU
		{87A056FF-717B-4F9F-A5ED-3CEF21044A34}.Release|Any CPU.Build.0 = Release|Any CPU
		{4D247305-0453-4CA9-B09D-969003EAA944}.Debug|Any CPU.ActiveCfg = Debug|Any CPU
		{4D247305-0453-4CA9-B09D-969003EAA944}.Debug|Any CPU.Build.0 = Debug|Any CPU
		{4D247305-0453-4CA9-B09D-969003EAA944}.Release|Any CPU.ActiveCfg = Release|Any CPU
		{4D247305-0453-4CA9-B09D-969003EAA944}.Release|Any CPU.Build.0 = Release|Any CPU
		{60547584-518C-47EF-B7EF-4D438333DB37}.Debug|Any CPU.ActiveCfg = Debug|Any CPU
		{60547584-518C-47EF-B7EF-4D438333DB37}.Debug|Any CPU.Build.0 = Debug|Any CPU
		{60547584-518C-47EF-B7EF-4D438333DB37}.Release|Any CPU.ActiveCfg = Release|Any CPU
		{60547584-518C-47EF-B7EF-4D438333DB37}.Release|Any CPU.Build.0 = Release|Any CPU
		{88B4F6CB-F3FE-47A3-B34F-19F535A1524A}.Debug|Any CPU.ActiveCfg = Debug|Any CPU
		{88B4F6CB-F3FE-47A3-B34F-19F535A1524A}.Debug|Any CPU.Build.0 = Debug|Any CPU
		{88B4F6CB-F3FE-47A3-B34F-19F535A1524A}.Release|Any CPU.ActiveCfg = Release|Any CPU
		{88B4F6CB-F3FE-47A3-B34F-19F535A1524A}.Release|Any CPU.Build.0 = Release|Any CPU
		{539FD6B8-CFCD-4C96-B24A-73C389E11B3A}.Debug|Any CPU.ActiveCfg = Debug|Any CPU
		{539FD6B8-CFCD-4C96-B24A-73C389E11B3A}.Debug|Any CPU.Build.0 = Debug|Any CPU
		{539FD6B8-CFCD-4C96-B24A-73C389E11B3A}.Release|Any CPU.ActiveCfg = Release|Any CPU
		{539FD6B8-CFCD-4C96-B24A-73C389E11B3A}.Release|Any CPU.Build.0 = Release|Any CPU
		{96204DE0-EFB4-42EE-AE99-6C6BDA707FBB}.Debug|Any CPU.ActiveCfg = Debug|Any CPU
		{96204DE0-EFB4-42EE-AE99-6C6BDA707FBB}.Debug|Any CPU.Build.0 = Debug|Any CPU
		{96204DE0-EFB4-42EE-AE99-6C6BDA707FBB}.Release|Any CPU.ActiveCfg = Release|Any CPU
		{96204DE0-EFB4-42EE-AE99-6C6BDA707FBB}.Release|Any CPU.Build.0 = Release|Any CPU
		{15DB2AF3-7F97-4645-ACF1-C5F2F8493C2D}.Debug|Any CPU.ActiveCfg = Debug|Any CPU
		{15DB2AF3-7F97-4645-ACF1-C5F2F8493C2D}.Debug|Any CPU.Build.0 = Debug|Any CPU
		{15DB2AF3-7F97-4645-ACF1-C5F2F8493C2D}.Release|Any CPU.ActiveCfg = Release|Any CPU
		{15DB2AF3-7F97-4645-ACF1-C5F2F8493C2D}.Release|Any CPU.Build.0 = Release|Any CPU
		{FE79D03B-3919-42CE-85CB-8B9F8B086A38}.Debug|Any CPU.ActiveCfg = Debug|Any CPU
		{FE79D03B-3919-42CE-85CB-8B9F8B086A38}.Debug|Any CPU.Build.0 = Debug|Any CPU
		{FE79D03B-3919-42CE-85CB-8B9F8B086A38}.Release|Any CPU.ActiveCfg = Release|Any CPU
		{FE79D03B-3919-42CE-85CB-8B9F8B086A38}.Release|Any CPU.Build.0 = Release|Any CPU
		{B0B7B142-6057-40DA-B6D1-33AA879803E0}.Debug|Any CPU.ActiveCfg = Debug|Any CPU
		{B0B7B142-6057-40DA-B6D1-33AA879803E0}.Debug|Any CPU.Build.0 = Debug|Any CPU
		{B0B7B142-6057-40DA-B6D1-33AA879803E0}.Release|Any CPU.ActiveCfg = Release|Any CPU
		{B0B7B142-6057-40DA-B6D1-33AA879803E0}.Release|Any CPU.Build.0 = Release|Any CPU
		{DDC5C17B-0875-4066-8CB7-23647E076687}.Debug|Any CPU.ActiveCfg = Debug|Any CPU
		{DDC5C17B-0875-4066-8CB7-23647E076687}.Debug|Any CPU.Build.0 = Debug|Any CPU
		{DDC5C17B-0875-4066-8CB7-23647E076687}.Release|Any CPU.ActiveCfg = Release|Any CPU
		{DDC5C17B-0875-4066-8CB7-23647E076687}.Release|Any CPU.Build.0 = Release|Any CPU
		{E4954A16-025B-48AA-BA02-D536E77E3914}.Debug|Any CPU.ActiveCfg = Debug|Any CPU
		{E4954A16-025B-48AA-BA02-D536E77E3914}.Debug|Any CPU.Build.0 = Debug|Any CPU
		{E4954A16-025B-48AA-BA02-D536E77E3914}.Release|Any CPU.ActiveCfg = Release|Any CPU
		{E4954A16-025B-48AA-BA02-D536E77E3914}.Release|Any CPU.Build.0 = Release|Any CPU
		{47ECC897-6A8F-40B6-A72C-7BBE955B8976}.Debug|Any CPU.ActiveCfg = Debug|Any CPU
		{47ECC897-6A8F-40B6-A72C-7BBE955B8976}.Debug|Any CPU.Build.0 = Debug|Any CPU
		{47ECC897-6A8F-40B6-A72C-7BBE955B8976}.Release|Any CPU.ActiveCfg = Release|Any CPU
		{47ECC897-6A8F-40B6-A72C-7BBE955B8976}.Release|Any CPU.Build.0 = Release|Any CPU
		{5E11A65F-84C3-4DF8-8D04-1FA7D10FDF41}.Debug|Any CPU.ActiveCfg = Debug|Any CPU
		{5E11A65F-84C3-4DF8-8D04-1FA7D10FDF41}.Debug|Any CPU.Build.0 = Debug|Any CPU
		{5E11A65F-84C3-4DF8-8D04-1FA7D10FDF41}.Release|Any CPU.ActiveCfg = Release|Any CPU
		{5E11A65F-84C3-4DF8-8D04-1FA7D10FDF41}.Release|Any CPU.Build.0 = Release|Any CPU
		{8EF0BD3F-3D56-4F2B-B101-451EEA173B57}.Debug|Any CPU.ActiveCfg = Debug|Any CPU
		{8EF0BD3F-3D56-4F2B-B101-451EEA173B57}.Debug|Any CPU.Build.0 = Debug|Any CPU
		{8EF0BD3F-3D56-4F2B-B101-451EEA173B57}.Release|Any CPU.ActiveCfg = Release|Any CPU
		{8EF0BD3F-3D56-4F2B-B101-451EEA173B57}.Release|Any CPU.Build.0 = Release|Any CPU
		{38DCEDD2-D23E-4783-90EC-7DE715B85735}.Debug|Any CPU.ActiveCfg = Debug|Any CPU
		{38DCEDD2-D23E-4783-90EC-7DE715B85735}.Debug|Any CPU.Build.0 = Debug|Any CPU
		{38DCEDD2-D23E-4783-90EC-7DE715B85735}.Release|Any CPU.ActiveCfg = Release|Any CPU
		{38DCEDD2-D23E-4783-90EC-7DE715B85735}.Release|Any CPU.Build.0 = Release|Any CPU
	EndGlobalSection
	GlobalSection(SolutionProperties) = preSolution
		HideSolutionNode = FALSE
	EndGlobalSection
EndGlobal
