
Microsoft Visual Studio Solution File, Format Version 12.00
# Visual Studio 2013
VisualStudioVersion = 12.0.31101.0
MinimumVisualStudioVersion = 10.0.40219.1
Project("{FAE04EC0-301F-11D3-BF4B-00C04F79EFBC}") = "01Pyramid", "01Pyramid\01Pyramid.csproj", "{0DC24E62-AC4A-41CC-B025-B21DE592CD6A}"
EndProject
Project("{FAE04EC0-301F-11D3-BF4B-00C04F79EFBC}") = "04SchoolSystem", "04SchoolSystem\04SchoolSystem.csproj", "{50570545-66A2-42B5-9F28-E21519A8D31C}"
EndProject
Project("{FAE04EC0-301F-11D3-BF4B-00C04F79EFBC}") = "02TerroristsWin!", "02TerroristsWin!\02TerroristsWin!.csproj", "{1BBAEB7E-CCAF-43B7-BA72-BE3286C76ACA}"
EndProject
Project("{FAE04EC0-301F-11D3-BF4B-00C04F79EFBC}") = "03FireTheArrows", "03FireTheArrows\03FireTheArrows.csproj", "{824537F4-3B24-40E3-90F7-701E71A010FC}"
EndProject
Global
	GlobalSection(SolutionConfigurationPlatforms) = preSolution
		Debug|Any CPU = Debug|Any CPU
		Release|Any CPU = Release|Any CPU
	EndGlobalSection
	GlobalSection(ProjectConfigurationPlatforms) = postSolution
		{0DC24E62-AC4A-41CC-B025-B21DE592CD6A}.Debug|Any CPU.ActiveCfg = Debug|Any CPU
		{0DC24E62-AC4A-41CC-B025-B21DE592CD6A}.Debug|Any CPU.Build.0 = Debug|Any CPU
		{0DC24E62-AC4A-41CC-B025-B21DE592CD6A}.Release|Any CPU.ActiveCfg = Release|Any CPU
		{0DC24E62-AC4A-41CC-B025-B21DE592CD6A}.Release|Any CPU.Build.0 = Release|Any CPU
		{50570545-66A2-42B5-9F28-E21519A8D31C}.Debug|Any CPU.ActiveCfg = Debug|Any CPU
		{50570545-66A2-42B5-9F28-E21519A8D31C}.Debug|Any CPU.Build.0 = Debug|Any CPU
		{50570545-66A2-42B5-9F28-E21519A8D31C}.Release|Any CPU.ActiveCfg = Release|Any CPU
		{50570545-66A2-42B5-9F28-E21519A8D31C}.Release|Any CPU.Build.0 = Release|Any CPU
		{1BBAEB7E-CCAF-43B7-BA72-BE3286C76ACA}.Debug|Any CPU.ActiveCfg = Debug|Any CPU
		{1BBAEB7E-CCAF-43B7-BA72-BE3286C76ACA}.Debug|Any CPU.Build.0 = Debug|Any CPU
		{1BBAEB7E-CCAF-43B7-BA72-BE3286C76ACA}.Release|Any CPU.ActiveCfg = Release|Any CPU
		{1BBAEB7E-CCAF-43B7-BA72-BE3286C76ACA}.Release|Any CPU.Build.0 = Release|Any CPU
		{824537F4-3B24-40E3-90F7-701E71A010FC}.Debug|Any CPU.ActiveCfg = Debug|Any CPU
		{824537F4-3B24-40E3-90F7-701E71A010FC}.Debug|Any CPU.Build.0 = Debug|Any CPU
		{824537F4-3B24-40E3-90F7-701E71A010FC}.Release|Any CPU.ActiveCfg = Release|Any CPU
		{824537F4-3B24-40E3-90F7-701E71A010FC}.Release|Any CPU.Build.0 = Release|Any CPU
	EndGlobalSection
	GlobalSection(SolutionProperties) = preSolution
		HideSolutionNode = FALSE
	EndGlobalSection
EndGlobal
