
Microsoft Visual Studio Solution File, Format Version 12.00
# Visual Studio 2013
VisualStudioVersion = 12.0.31101.0
MinimumVisualStudioVersion = 10.0.40219.1
Project("{FAE04EC0-301F-11D3-BF4B-00C04F79EFBC}") = "01CurrencyCheck", "01CurrencyCheck\01CurrencyCheck.csproj", "{2368DAAB-D397-44FF-BBA2-D62AC88B1DD0}"
EndProject
Project("{FAE04EC0-301F-11D3-BF4B-00C04F79EFBC}") = "02DreamItem", "02DreamItem\02DreamItem.csproj", "{6D92E820-B102-4526-A794-E29661165C06}"
EndProject
Project("{FAE04EC0-301F-11D3-BF4B-00C04F79EFBC}") = "03MagicWand", "03MagicWand\03MagicWand.csproj", "{F9579CC6-7630-4C79-9C3C-F1DBE439F0D4}"
EndProject
Project("{FAE04EC0-301F-11D3-BF4B-00C04F79EFBC}") = "04ArrayMatcher", "04ArrayMatcher\04ArrayMatcher.csproj", "{885A1DBE-9F52-4E0D-A728-ADAF402E43B2}"
EndProject
Project("{FAE04EC0-301F-11D3-BF4B-00C04F79EFBC}") = "05KnightPath", "05KnightPath\05KnightPath.csproj", "{6781B17F-BEE5-481F-9448-518B946B1223}"
EndProject
Global
	GlobalSection(SolutionConfigurationPlatforms) = preSolution
		Debug|Any CPU = Debug|Any CPU
		Release|Any CPU = Release|Any CPU
	EndGlobalSection
	GlobalSection(ProjectConfigurationPlatforms) = postSolution
		{2368DAAB-D397-44FF-BBA2-D62AC88B1DD0}.Debug|Any CPU.ActiveCfg = Debug|Any CPU
		{2368DAAB-D397-44FF-BBA2-D62AC88B1DD0}.Debug|Any CPU.Build.0 = Debug|Any CPU
		{2368DAAB-D397-44FF-BBA2-D62AC88B1DD0}.Release|Any CPU.ActiveCfg = Release|Any CPU
		{2368DAAB-D397-44FF-BBA2-D62AC88B1DD0}.Release|Any CPU.Build.0 = Release|Any CPU
		{6D92E820-B102-4526-A794-E29661165C06}.Debug|Any CPU.ActiveCfg = Debug|Any CPU
		{6D92E820-B102-4526-A794-E29661165C06}.Debug|Any CPU.Build.0 = Debug|Any CPU
		{6D92E820-B102-4526-A794-E29661165C06}.Release|Any CPU.ActiveCfg = Release|Any CPU
		{6D92E820-B102-4526-A794-E29661165C06}.Release|Any CPU.Build.0 = Release|Any CPU
		{F9579CC6-7630-4C79-9C3C-F1DBE439F0D4}.Debug|Any CPU.ActiveCfg = Debug|Any CPU
		{F9579CC6-7630-4C79-9C3C-F1DBE439F0D4}.Debug|Any CPU.Build.0 = Debug|Any CPU
		{F9579CC6-7630-4C79-9C3C-F1DBE439F0D4}.Release|Any CPU.ActiveCfg = Release|Any CPU
		{F9579CC6-7630-4C79-9C3C-F1DBE439F0D4}.Release|Any CPU.Build.0 = Release|Any CPU
		{885A1DBE-9F52-4E0D-A728-ADAF402E43B2}.Debug|Any CPU.ActiveCfg = Debug|Any CPU
		{885A1DBE-9F52-4E0D-A728-ADAF402E43B2}.Debug|Any CPU.Build.0 = Debug|Any CPU
		{885A1DBE-9F52-4E0D-A728-ADAF402E43B2}.Release|Any CPU.ActiveCfg = Release|Any CPU
		{885A1DBE-9F52-4E0D-A728-ADAF402E43B2}.Release|Any CPU.Build.0 = Release|Any CPU
		{6781B17F-BEE5-481F-9448-518B946B1223}.Debug|Any CPU.ActiveCfg = Debug|Any CPU
		{6781B17F-BEE5-481F-9448-518B946B1223}.Debug|Any CPU.Build.0 = Debug|Any CPU
		{6781B17F-BEE5-481F-9448-518B946B1223}.Release|Any CPU.ActiveCfg = Release|Any CPU
		{6781B17F-BEE5-481F-9448-518B946B1223}.Release|Any CPU.Build.0 = Release|Any CPU
	EndGlobalSection
	GlobalSection(SolutionProperties) = preSolution
		HideSolutionNode = FALSE
	EndGlobalSection
EndGlobal
