
Microsoft Visual Studio Solution File, Format Version 12.00
# Visual Studio 2013
VisualStudioVersion = 12.0.31101.0
MinimumVisualStudioVersion = 10.0.40219.1
Project("{FAE04EC0-301F-11D3-BF4B-00C04F79EFBC}") = "01BookProblem", "01BookProblem\01BookProblem.csproj", "{D469BA0C-0794-4B6E-B093-1FF0751E4654}"
EndProject
Project("{FAE04EC0-301F-11D3-BF4B-00C04F79EFBC}") = "02ChessboardGame", "02ChessboardGame\02ChessboardGame.csproj", "{3EF9D089-1707-4820-A3D3-274E3BF2B73C}"
EndProject
Project("{FAE04EC0-301F-11D3-BF4B-00C04F79EFBC}") = "03KingOfThieves", "03KingOfThieves\03KingOfThieves.csproj", "{7887F8FD-B0A6-49DA-9E19-274CF3CFB5CF}"
EndProject
Project("{FAE04EC0-301F-11D3-BF4B-00C04F79EFBC}") = "04DecryptTheMessage", "04DecryptTheMessage\04DecryptTheMessage.csproj", "{C6C3AD4D-EF65-4566-9AC8-3AA1B3334C53}"
EndProject
Project("{FAE04EC0-301F-11D3-BF4B-00C04F79EFBC}") = "05BitsAtCrossroads", "05BitsAtCrossroads\05BitsAtCrossroads.csproj", "{12497C5C-1F59-46CF-92B3-620A130FB61E}"
EndProject
Global
	GlobalSection(SolutionConfigurationPlatforms) = preSolution
		Debug|Any CPU = Debug|Any CPU
		Release|Any CPU = Release|Any CPU
	EndGlobalSection
	GlobalSection(ProjectConfigurationPlatforms) = postSolution
		{D469BA0C-0794-4B6E-B093-1FF0751E4654}.Debug|Any CPU.ActiveCfg = Debug|Any CPU
		{D469BA0C-0794-4B6E-B093-1FF0751E4654}.Debug|Any CPU.Build.0 = Debug|Any CPU
		{D469BA0C-0794-4B6E-B093-1FF0751E4654}.Release|Any CPU.ActiveCfg = Release|Any CPU
		{D469BA0C-0794-4B6E-B093-1FF0751E4654}.Release|Any CPU.Build.0 = Release|Any CPU
		{3EF9D089-1707-4820-A3D3-274E3BF2B73C}.Debug|Any CPU.ActiveCfg = Debug|Any CPU
		{3EF9D089-1707-4820-A3D3-274E3BF2B73C}.Debug|Any CPU.Build.0 = Debug|Any CPU
		{3EF9D089-1707-4820-A3D3-274E3BF2B73C}.Release|Any CPU.ActiveCfg = Release|Any CPU
		{3EF9D089-1707-4820-A3D3-274E3BF2B73C}.Release|Any CPU.Build.0 = Release|Any CPU
		{7887F8FD-B0A6-49DA-9E19-274CF3CFB5CF}.Debug|Any CPU.ActiveCfg = Debug|Any CPU
		{7887F8FD-B0A6-49DA-9E19-274CF3CFB5CF}.Debug|Any CPU.Build.0 = Debug|Any CPU
		{7887F8FD-B0A6-49DA-9E19-274CF3CFB5CF}.Release|Any CPU.ActiveCfg = Release|Any CPU
		{7887F8FD-B0A6-49DA-9E19-274CF3CFB5CF}.Release|Any CPU.Build.0 = Release|Any CPU
		{C6C3AD4D-EF65-4566-9AC8-3AA1B3334C53}.Debug|Any CPU.ActiveCfg = Debug|Any CPU
		{C6C3AD4D-EF65-4566-9AC8-3AA1B3334C53}.Debug|Any CPU.Build.0 = Debug|Any CPU
		{C6C3AD4D-EF65-4566-9AC8-3AA1B3334C53}.Release|Any CPU.ActiveCfg = Release|Any CPU
		{C6C3AD4D-EF65-4566-9AC8-3AA1B3334C53}.Release|Any CPU.Build.0 = Release|Any CPU
		{12497C5C-1F59-46CF-92B3-620A130FB61E}.Debug|Any CPU.ActiveCfg = Debug|Any CPU
		{12497C5C-1F59-46CF-92B3-620A130FB61E}.Debug|Any CPU.Build.0 = Debug|Any CPU
		{12497C5C-1F59-46CF-92B3-620A130FB61E}.Release|Any CPU.ActiveCfg = Release|Any CPU
		{12497C5C-1F59-46CF-92B3-620A130FB61E}.Release|Any CPU.Build.0 = Release|Any CPU
	EndGlobalSection
	GlobalSection(SolutionProperties) = preSolution
		HideSolutionNode = FALSE
	EndGlobalSection
EndGlobal
