
Microsoft Visual Studio Solution File, Format Version 12.00
# Visual Studio 2013
VisualStudioVersion = 12.0.31101.0
MinimumVisualStudioVersion = 10.0.40219.1
Project("{FAE04EC0-301F-11D3-BF4B-00C04F79EFBC}") = "02InstructionSet", "02InstructionSet\02InstructionSet.csproj", "{FE477339-80F7-4127-8B07-157EEF7595C3}"
EndProject
Project("{FAE04EC0-301F-11D3-BF4B-00C04F79EFBC}") = "03BePositive", "03BePositive\03BePositive.csproj", "{9CD88109-0266-4A4B-B9EE-C7AC192C5199}"
EndProject
Project("{FAE04EC0-301F-11D3-BF4B-00C04F79EFBC}") = "04ArrayTest", "04ArrayTest\04ArrayTest.csproj", "{E4EE58DF-9BE1-4BA1-864F-86A3BAC87552}"
EndProject
Project("{FAE04EC0-301F-11D3-BF4B-00C04F79EFBC}") = "05Substring", "05Substring\05Substring.csproj", "{1560D237-5B62-4F62-999B-489E93DF10DA}"
EndProject
Project("{FAE04EC0-301F-11D3-BF4B-00C04F79EFBC}") = "06BitCarousel", "06BitCarousel\06BitCarousel.csproj", "{92E5CE19-A320-4858-8FD1-BD2A4F9D2F75}"
EndProject
Global
	GlobalSection(SolutionConfigurationPlatforms) = preSolution
		Debug|Any CPU = Debug|Any CPU
		Release|Any CPU = Release|Any CPU
	EndGlobalSection
	GlobalSection(ProjectConfigurationPlatforms) = postSolution
		{FE477339-80F7-4127-8B07-157EEF7595C3}.Debug|Any CPU.ActiveCfg = Debug|Any CPU
		{FE477339-80F7-4127-8B07-157EEF7595C3}.Debug|Any CPU.Build.0 = Debug|Any CPU
		{FE477339-80F7-4127-8B07-157EEF7595C3}.Release|Any CPU.ActiveCfg = Release|Any CPU
		{FE477339-80F7-4127-8B07-157EEF7595C3}.Release|Any CPU.Build.0 = Release|Any CPU
		{9CD88109-0266-4A4B-B9EE-C7AC192C5199}.Debug|Any CPU.ActiveCfg = Debug|Any CPU
		{9CD88109-0266-4A4B-B9EE-C7AC192C5199}.Debug|Any CPU.Build.0 = Debug|Any CPU
		{9CD88109-0266-4A4B-B9EE-C7AC192C5199}.Release|Any CPU.ActiveCfg = Release|Any CPU
		{9CD88109-0266-4A4B-B9EE-C7AC192C5199}.Release|Any CPU.Build.0 = Release|Any CPU
		{E4EE58DF-9BE1-4BA1-864F-86A3BAC87552}.Debug|Any CPU.ActiveCfg = Debug|Any CPU
		{E4EE58DF-9BE1-4BA1-864F-86A3BAC87552}.Debug|Any CPU.Build.0 = Debug|Any CPU
		{E4EE58DF-9BE1-4BA1-864F-86A3BAC87552}.Release|Any CPU.ActiveCfg = Release|Any CPU
		{E4EE58DF-9BE1-4BA1-864F-86A3BAC87552}.Release|Any CPU.Build.0 = Release|Any CPU
		{1560D237-5B62-4F62-999B-489E93DF10DA}.Debug|Any CPU.ActiveCfg = Debug|Any CPU
		{1560D237-5B62-4F62-999B-489E93DF10DA}.Debug|Any CPU.Build.0 = Debug|Any CPU
		{1560D237-5B62-4F62-999B-489E93DF10DA}.Release|Any CPU.ActiveCfg = Release|Any CPU
		{1560D237-5B62-4F62-999B-489E93DF10DA}.Release|Any CPU.Build.0 = Release|Any CPU
		{92E5CE19-A320-4858-8FD1-BD2A4F9D2F75}.Debug|Any CPU.ActiveCfg = Debug|Any CPU
		{92E5CE19-A320-4858-8FD1-BD2A4F9D2F75}.Debug|Any CPU.Build.0 = Debug|Any CPU
		{92E5CE19-A320-4858-8FD1-BD2A4F9D2F75}.Release|Any CPU.ActiveCfg = Release|Any CPU
		{92E5CE19-A320-4858-8FD1-BD2A4F9D2F75}.Release|Any CPU.Build.0 = Release|Any CPU
	EndGlobalSection
	GlobalSection(SolutionProperties) = preSolution
		HideSolutionNode = FALSE
	EndGlobalSection
EndGlobal
