
Microsoft Visual Studio Solution File, Format Version 12.00
# Visual Studio 2013
VisualStudioVersion = 12.0.31101.0
MinimumVisualStudioVersion = 10.0.40219.1
Project("{FAE04EC0-301F-11D3-BF4B-00C04F79EFBC}") = "01Timespan", "01Timespan\01Timespan.csproj", "{EB45DFAF-ECA9-4E47-97A2-D80DD0D94380}"
EndProject
Project("{FAE04EC0-301F-11D3-BF4B-00C04F79EFBC}") = "02MagicSum", "02MagicSum\02MagicSum.csproj", "{F08CF875-40C8-4B7F-BF79-DC1447103C54}"
EndProject
Project("{FAE04EC0-301F-11D3-BF4B-00C04F79EFBC}") = "03WeirdStrings", "03WeirdStrings\03WeirdStrings.csproj", "{532BAF97-79E6-466D-952A-992DC1A422A5}"
EndProject
Project("{FAE04EC0-301F-11D3-BF4B-00C04F79EFBC}") = "04Nuts", "04Nuts\04Nuts.csproj", "{01D1499B-2144-4FC6-82D5-0584F025F111}"
EndProject
Global
	GlobalSection(SolutionConfigurationPlatforms) = preSolution
		Debug|Any CPU = Debug|Any CPU
		Release|Any CPU = Release|Any CPU
	EndGlobalSection
	GlobalSection(ProjectConfigurationPlatforms) = postSolution
		{EB45DFAF-ECA9-4E47-97A2-D80DD0D94380}.Debug|Any CPU.ActiveCfg = Debug|Any CPU
		{EB45DFAF-ECA9-4E47-97A2-D80DD0D94380}.Debug|Any CPU.Build.0 = Debug|Any CPU
		{EB45DFAF-ECA9-4E47-97A2-D80DD0D94380}.Release|Any CPU.ActiveCfg = Release|Any CPU
		{EB45DFAF-ECA9-4E47-97A2-D80DD0D94380}.Release|Any CPU.Build.0 = Release|Any CPU
		{F08CF875-40C8-4B7F-BF79-DC1447103C54}.Debug|Any CPU.ActiveCfg = Debug|Any CPU
		{F08CF875-40C8-4B7F-BF79-DC1447103C54}.Debug|Any CPU.Build.0 = Debug|Any CPU
		{F08CF875-40C8-4B7F-BF79-DC1447103C54}.Release|Any CPU.ActiveCfg = Release|Any CPU
		{F08CF875-40C8-4B7F-BF79-DC1447103C54}.Release|Any CPU.Build.0 = Release|Any CPU
		{532BAF97-79E6-466D-952A-992DC1A422A5}.Debug|Any CPU.ActiveCfg = Debug|Any CPU
		{532BAF97-79E6-466D-952A-992DC1A422A5}.Debug|Any CPU.Build.0 = Debug|Any CPU
		{532BAF97-79E6-466D-952A-992DC1A422A5}.Release|Any CPU.ActiveCfg = Release|Any CPU
		{532BAF97-79E6-466D-952A-992DC1A422A5}.Release|Any CPU.Build.0 = Release|Any CPU
		{01D1499B-2144-4FC6-82D5-0584F025F111}.Debug|Any CPU.ActiveCfg = Debug|Any CPU
		{01D1499B-2144-4FC6-82D5-0584F025F111}.Debug|Any CPU.Build.0 = Debug|Any CPU
		{01D1499B-2144-4FC6-82D5-0584F025F111}.Release|Any CPU.ActiveCfg = Release|Any CPU
		{01D1499B-2144-4FC6-82D5-0584F025F111}.Release|Any CPU.Build.0 = Release|Any CPU
	EndGlobalSection
	GlobalSection(SolutionProperties) = preSolution
		HideSolutionNode = FALSE
	EndGlobalSection
EndGlobal
