
Microsoft Visual Studio Solution File, Format Version 12.00
# Visual Studio 2013
VisualStudioVersion = 12.0.31101.0
MinimumVisualStudioVersion = 10.0.40219.1
Project("{FAE04EC0-301F-11D3-BF4B-00C04F79EFBC}") = "01Volleyball", "01Volleyball\01Volleyball.csproj", "{2B189A9A-D61A-4F56-B76E-426FE8A8D49E}"
EndProject
Project("{FAE04EC0-301F-11D3-BF4B-00C04F79EFBC}") = "02OddOrEvenSum", "02OddOrEvenSum\02OddOrEvenSum.csproj", "{232D1F81-E705-4BE4-BA15-E40282BFB6A1}"
EndProject
Project("{FAE04EC0-301F-11D3-BF4B-00C04F79EFBC}") = "05BitsUp", "05BitsUp\05BitsUp.csproj", "{AF5E295F-99E1-4313-AE77-A5CA8BE5E3DA}"
EndProject
Project("{FAE04EC0-301F-11D3-BF4B-00C04F79EFBC}") = "03Eclipse", "03Eclipse\03Eclipse.csproj", "{CD7ABB93-21E8-476F-9197-02C19BD64D43}"
EndProject
Project("{FAE04EC0-301F-11D3-BF4B-00C04F79EFBC}") = "04HayvanNumbers", "04HayvanNumbers\04HayvanNumbers.csproj", "{21AE8806-3322-45C2-A6F0-CF338EB7DE59}"
EndProject
Global
	GlobalSection(SolutionConfigurationPlatforms) = preSolution
		Debug|Any CPU = Debug|Any CPU
		Release|Any CPU = Release|Any CPU
	EndGlobalSection
	GlobalSection(ProjectConfigurationPlatforms) = postSolution
		{2B189A9A-D61A-4F56-B76E-426FE8A8D49E}.Debug|Any CPU.ActiveCfg = Debug|Any CPU
		{2B189A9A-D61A-4F56-B76E-426FE8A8D49E}.Debug|Any CPU.Build.0 = Debug|Any CPU
		{2B189A9A-D61A-4F56-B76E-426FE8A8D49E}.Release|Any CPU.ActiveCfg = Release|Any CPU
		{2B189A9A-D61A-4F56-B76E-426FE8A8D49E}.Release|Any CPU.Build.0 = Release|Any CPU
		{232D1F81-E705-4BE4-BA15-E40282BFB6A1}.Debug|Any CPU.ActiveCfg = Debug|Any CPU
		{232D1F81-E705-4BE4-BA15-E40282BFB6A1}.Debug|Any CPU.Build.0 = Debug|Any CPU
		{232D1F81-E705-4BE4-BA15-E40282BFB6A1}.Release|Any CPU.ActiveCfg = Release|Any CPU
		{232D1F81-E705-4BE4-BA15-E40282BFB6A1}.Release|Any CPU.Build.0 = Release|Any CPU
		{AF5E295F-99E1-4313-AE77-A5CA8BE5E3DA}.Debug|Any CPU.ActiveCfg = Debug|Any CPU
		{AF5E295F-99E1-4313-AE77-A5CA8BE5E3DA}.Debug|Any CPU.Build.0 = Debug|Any CPU
		{AF5E295F-99E1-4313-AE77-A5CA8BE5E3DA}.Release|Any CPU.ActiveCfg = Release|Any CPU
		{AF5E295F-99E1-4313-AE77-A5CA8BE5E3DA}.Release|Any CPU.Build.0 = Release|Any CPU
		{CD7ABB93-21E8-476F-9197-02C19BD64D43}.Debug|Any CPU.ActiveCfg = Debug|Any CPU
		{CD7ABB93-21E8-476F-9197-02C19BD64D43}.Debug|Any CPU.Build.0 = Debug|Any CPU
		{CD7ABB93-21E8-476F-9197-02C19BD64D43}.Release|Any CPU.ActiveCfg = Release|Any CPU
		{CD7ABB93-21E8-476F-9197-02C19BD64D43}.Release|Any CPU.Build.0 = Release|Any CPU
		{21AE8806-3322-45C2-A6F0-CF338EB7DE59}.Debug|Any CPU.ActiveCfg = Debug|Any CPU
		{21AE8806-3322-45C2-A6F0-CF338EB7DE59}.Debug|Any CPU.Build.0 = Debug|Any CPU
		{21AE8806-3322-45C2-A6F0-CF338EB7DE59}.Release|Any CPU.ActiveCfg = Release|Any CPU
		{21AE8806-3322-45C2-A6F0-CF338EB7DE59}.Release|Any CPU.Build.0 = Release|Any CPU
	EndGlobalSection
	GlobalSection(SolutionProperties) = preSolution
		HideSolutionNode = FALSE
	EndGlobalSection
EndGlobal
